
Microsoft Visual Studio Solution File, Format Version 12.00
# Visual Studio Version 17
VisualStudioVersion = 17.4.33213.308
MinimumVisualStudioVersion = 10.0.40219.1
Project("{FAE04EC0-301F-11D3-BF4B-00C04F79EFBC}") = "Online_Discussion_Forum", "Online_Discussion_Forum.csproj", "{572BDAA4-4133-49F5-8BC6-03BB97BA6FD9}"
EndProject
Global
	GlobalSection(SolutionConfigurationPlatforms) = preSolution
		Debug|Any CPU = Debug|Any CPU
		Release|Any CPU = Release|Any CPU
	EndGlobalSection
	GlobalSection(ProjectConfigurationPlatforms) = postSolution
		{572BDAA4-4133-49F5-8BC6-03BB97BA6FD9}.Debug|Any CPU.ActiveCfg = Debug|Any CPU
		{572BDAA4-4133-49F5-8BC6-03BB97BA6FD9}.Debug|Any CPU.Build.0 = Debug|Any CPU
		{572BDAA4-4133-49F5-8BC6-03BB97BA6FD9}.Release|Any CPU.ActiveCfg = Release|Any CPU
		{572BDAA4-4133-49F5-8BC6-03BB97BA6FD9}.Release|Any CPU.Build.0 = Release|Any CPU
	EndGlobalSection
	GlobalSection(SolutionProperties) = preSolution
		HideSolutionNode = FALSE
	EndGlobalSection
	GlobalSection(ExtensibilityGlobals) = postSolution
		SolutionGuid = {BA74B518-C9C4-4801-975D-A18FF4DC15A7}
	EndGlobalSection
EndGlobal
